// !$*UTF8*$!
{
	archiveVersion = 1;
	classes = {
	};
	objectVersion = 77;
	objects = {

/* Begin PBXBuildFile section */
		CA0BCBF32E6B12F8002898C5 /* Satoshi-Variable.ttf in Resources */ = {isa = PBXBuildFile; fileRef = CA0BCBF02E6B12F8002898C5 /* Satoshi-Variable.ttf */; };
		CA0BCBF42E6B12F8002898C5 /* Satoshi-VariableItalic.ttf in Resources */ = {isa = PBXBuildFile; fileRef = CA0BCBF12E6B12F8002898C5 /* Satoshi-VariableItalic.ttf */; };
		CA0BCBF62E6B1321002898C5 /* HealthcareFontExt.swift in Sources */ = {isa = PBXBuildFile; fileRef = CA0BCBF52E6B1318002898C5 /* HealthcareFontExt.swift */; };
		CA0EDEB32E632C74006A4B05 /* TabBarItem.swift in Sources */ = {isa = PBXBuildFile; fileRef = CA0EDEB22E632C6F006A4B05 /* TabBarItem.swift */; };
		CA0EDEB52E633174006A4B05 /* TabBarUtils.swift in Sources */ = {isa = PBXBuildFile; fileRef = CA0EDEB42E63316B006A4B05 /* TabBarUtils.swift */; };
		CA1E6A2E2E882F5E00017F66 /* HealthcareSearchView.swift in Sources */ = {isa = PBXBuildFile; fileRef = CA1E6A2D2E882F5A00017F66 /* HealthcareSearchView.swift */; };
		CA3E06E82E671EDF004D5BC8 /* CustomNavigationBarScreen.swift in Sources */ = {isa = PBXBuildFile; fileRef = CA3E06E72E671ED6004D5BC8 /* CustomNavigationBarScreen.swift */; };
		CA3E06EA2E6720E4004D5BC8 /* CustomNavigationBarView.swift in Sources */ = {isa = PBXBuildFile; fileRef = CA3E06E92E6720DC004D5BC8 /* CustomNavigationBarView.swift */; };
		CA3E06EC2E6724FD004D5BC8 /* CustomNavigationBarContainerView.swift in Sources */ = {isa = PBXBuildFile; fileRef = CA3E06EB2E6724F1004D5BC8 /* CustomNavigationBarContainerView.swift */; };
		CA3E06EE2E67300E004D5BC8 /* NavigationBarUtils.swift in Sources */ = {isa = PBXBuildFile; fileRef = CA3E06ED2E673005004D5BC8 /* NavigationBarUtils.swift */; };
		CA3E06F02E69E623004D5BC8 /* HealthcareMainView.swift in Sources */ = {isa = PBXBuildFile; fileRef = CA3E06EF2E69E616004D5BC8 /* HealthcareMainView.swift */; };
		CA3E06F22E69E691004D5BC8 /* HealthcareColorExt.swift in Sources */ = {isa = PBXBuildFile; fileRef = CA3E06F12E69E68B004D5BC8 /* HealthcareColorExt.swift */; };
		CA4805EB2E89BF6800A405EC /* HealthcareAppointmentCardView.swift in Sources */ = {isa = PBXBuildFile; fileRef = CA4805EA2E89BF5300A405EC /* HealthcareAppointmentCardView.swift */; };
		CA4805ED2E89C1A200A405EC /* HealthcareMessageButton.swift in Sources */ = {isa = PBXBuildFile; fileRef = CA4805EC2E89C19400A405EC /* HealthcareMessageButton.swift */; };
		CA4C25AD2E86FD6E00E9D343 /* HealthcareProfileView.swift in Sources */ = {isa = PBXBuildFile; fileRef = CA4C25AC2E86FD6300E9D343 /* HealthcareProfileView.swift */; };
		CA63CA112E5CE9330059489E /* Assets.xcassets in Resources */ = {isa = PBXBuildFile; fileRef = CA63CA0D2E5CE9330059489E /* Assets.xcassets */; };
		CA63CA132E5CE9330059489E /* InterfaceStoreApp.swift in Sources */ = {isa = PBXBuildFile; fileRef = CA63CA0F2E5CE9330059489E /* InterfaceStoreApp.swift */; };
		CA63CA192E5CF71D0059489E /* HealthcareLoginView.swift in Sources */ = {isa = PBXBuildFile; fileRef = CA63CA182E5CF71D0059489E /* HealthcareLoginView.swift */; };
		CA63CA1C2E5F945A0059489E /* HealthAppConstants.swift in Sources */ = {isa = PBXBuildFile; fileRef = CA63CA1B2E5F944D0059489E /* HealthAppConstants.swift */; };
		CA63CA1F2E60FB410059489E /* PillowShape.swift in Sources */ = {isa = PBXBuildFile; fileRef = CA63CA1E2E60FB3B0059489E /* PillowShape.swift */; };
		CA882CBA2E61E06100CA5BEE /* CustomTabBarViewScreen.swift in Sources */ = {isa = PBXBuildFile; fileRef = CA882CB92E61E05200CA5BEE /* CustomTabBarViewScreen.swift */; };
		CA882CBC2E61E0BE00CA5BEE /* CustomTabBarView.swift in Sources */ = {isa = PBXBuildFile; fileRef = CA882CBB2E61E0B600CA5BEE /* CustomTabBarView.swift */; };
		CA882CBE2E61EB0200CA5BEE /* CustomTabBarContainerView.swift in Sources */ = {isa = PBXBuildFile; fileRef = CA882CBD2E61EAFA00CA5BEE /* CustomTabBarContainerView.swift */; };
		CA9145A82E8DCAB700EB8061 /* HealthcareDoctorCardView.swift in Sources */ = {isa = PBXBuildFile; fileRef = CA9145A72E8DCAAD00EB8061 /* HealthcareDoctorCardView.swift */; };
		CABAFA6E2E7849950015EC58 /* ButtonsStyle.swift in Sources */ = {isa = PBXBuildFile; fileRef = CABAFA6D2E7849420015EC58 /* ButtonsStyle.swift */; };
		CABAFA712E784C180015EC58 /* CategotyModel.swift in Sources */ = {isa = PBXBuildFile; fileRef = CABAFA702E784C130015EC58 /* CategotyModel.swift */; };
/* End PBXBuildFile section */

/* Begin PBXFileReference section */
		CA0BCBF02E6B12F8002898C5 /* Satoshi-Variable.ttf */ = {isa = PBXFileReference; lastKnownFileType = file; path = "Satoshi-Variable.ttf"; sourceTree = "<group>"; };
		CA0BCBF12E6B12F8002898C5 /* Satoshi-VariableItalic.ttf */ = {isa = PBXFileReference; lastKnownFileType = file; path = "Satoshi-VariableItalic.ttf"; sourceTree = "<group>"; };
		CA0BCBF52E6B1318002898C5 /* HealthcareFontExt.swift */ = {isa = PBXFileReference; lastKnownFileType = sourcecode.swift; path = HealthcareFontExt.swift; sourceTree = "<group>"; };
		CA0BCBF72E6B13C6002898C5 /* Info.plist */ = {isa = PBXFileReference; lastKnownFileType = text.plist; path = Info.plist; sourceTree = "<group>"; };
		CA0EDEB22E632C6F006A4B05 /* TabBarItem.swift */ = {isa = PBXFileReference; lastKnownFileType = sourcecode.swift; path = TabBarItem.swift; sourceTree = "<group>"; };
		CA0EDEB42E63316B006A4B05 /* TabBarUtils.swift */ = {isa = PBXFileReference; lastKnownFileType = sourcecode.swift; path = TabBarUtils.swift; sourceTree = "<group>"; };
		CA1DB1782E5CE8E000FD07C8 /* InterfaceStore.app */ = {isa = PBXFileReference; explicitFileType = wrapper.application; includeInIndex = 0; path = InterfaceStore.app; sourceTree = BUILT_PRODUCTS_DIR; };
		CA1E6A2D2E882F5A00017F66 /* HealthcareSearchView.swift */ = {isa = PBXFileReference; lastKnownFileType = sourcecode.swift; path = HealthcareSearchView.swift; sourceTree = "<group>"; };
		CA3E06E72E671ED6004D5BC8 /* CustomNavigationBarScreen.swift */ = {isa = PBXFileReference; lastKnownFileType = sourcecode.swift; path = CustomNavigationBarScreen.swift; sourceTree = "<group>"; };
		CA3E06E92E6720DC004D5BC8 /* CustomNavigationBarView.swift */ = {isa = PBXFileReference; lastKnownFileType = sourcecode.swift; path = CustomNavigationBarView.swift; sourceTree = "<group>"; };
		CA3E06EB2E6724F1004D5BC8 /* CustomNavigationBarContainerView.swift */ = {isa = PBXFileReference; lastKnownFileType = sourcecode.swift; path = CustomNavigationBarContainerView.swift; sourceTree = "<group>"; };
		CA3E06ED2E673005004D5BC8 /* NavigationBarUtils.swift */ = {isa = PBXFileReference; lastKnownFileType = sourcecode.swift; path = NavigationBarUtils.swift; sourceTree = "<group>"; };
		CA3E06EF2E69E616004D5BC8 /* HealthcareMainView.swift */ = {isa = PBXFileReference; lastKnownFileType = sourcecode.swift; path = HealthcareMainView.swift; sourceTree = "<group>"; };
		CA3E06F12E69E68B004D5BC8 /* HealthcareColorExt.swift */ = {isa = PBXFileReference; lastKnownFileType = sourcecode.swift; path = HealthcareColorExt.swift; sourceTree = "<group>"; };
		CA4805EA2E89BF5300A405EC /* HealthcareAppointmentCardView.swift */ = {isa = PBXFileReference; lastKnownFileType = sourcecode.swift; path = HealthcareAppointmentCardView.swift; sourceTree = "<group>"; };
		CA4805EC2E89C19400A405EC /* HealthcareMessageButton.swift */ = {isa = PBXFileReference; lastKnownFileType = sourcecode.swift; path = HealthcareMessageButton.swift; sourceTree = "<group>"; };
		CA4C25AC2E86FD6300E9D343 /* HealthcareProfileView.swift */ = {isa = PBXFileReference; lastKnownFileType = sourcecode.swift; path = HealthcareProfileView.swift; sourceTree = "<group>"; };
		CA63CA0D2E5CE9330059489E /* Assets.xcassets */ = {isa = PBXFileReference; lastKnownFileType = folder.assetcatalog; path = Assets.xcassets; sourceTree = "<group>"; };
		CA63CA0F2E5CE9330059489E /* InterfaceStoreApp.swift */ = {isa = PBXFileReference; lastKnownFileType = sourcecode.swift; path = InterfaceStoreApp.swift; sourceTree = "<group>"; };
		CA63CA182E5CF71D0059489E /* HealthcareLoginView.swift */ = {isa = PBXFileReference; lastKnownFileType = sourcecode.swift; path = HealthcareLoginView.swift; sourceTree = "<group>"; };
		CA63CA1B2E5F944D0059489E /* HealthAppConstants.swift */ = {isa = PBXFileReference; lastKnownFileType = sourcecode.swift; path = HealthAppConstants.swift; sourceTree = "<group>"; };
		CA63CA1E2E60FB3B0059489E /* PillowShape.swift */ = {isa = PBXFileReference; lastKnownFileType = sourcecode.swift; path = PillowShape.swift; sourceTree = "<group>"; };
		CA882CB92E61E05200CA5BEE /* CustomTabBarViewScreen.swift */ = {isa = PBXFileReference; lastKnownFileType = sourcecode.swift; path = CustomTabBarViewScreen.swift; sourceTree = "<group>"; };
		CA882CBB2E61E0B600CA5BEE /* CustomTabBarView.swift */ = {isa = PBXFileReference; lastKnownFileType = sourcecode.swift; path = CustomTabBarView.swift; sourceTree = "<group>"; };
		CA882CBD2E61EAFA00CA5BEE /* CustomTabBarContainerView.swift */ = {isa = PBXFileReference; lastKnownFileType = sourcecode.swift; path = CustomTabBarContainerView.swift; sourceTree = "<group>"; };
		CA9145A72E8DCAAD00EB8061 /* HealthcareDoctorCardView.swift */ = {isa = PBXFileReference; lastKnownFileType = sourcecode.swift; path = HealthcareDoctorCardView.swift; sourceTree = "<group>"; };
		CABAFA6D2E7849420015EC58 /* ButtonsStyle.swift */ = {isa = PBXFileReference; lastKnownFileType = sourcecode.swift; path = ButtonsStyle.swift; sourceTree = "<group>"; };
		CABAFA702E784C130015EC58 /* CategotyModel.swift */ = {isa = PBXFileReference; lastKnownFileType = sourcecode.swift; path = CategotyModel.swift; sourceTree = "<group>"; };
/* End PBXFileReference section */

/* Begin PBXFrameworksBuildPhase section */
		CA1DB1752E5CE8E000FD07C8 /* Frameworks */ = {
			isa = PBXFrameworksBuildPhase;
			buildActionMask = 2147483647;
			files = (
			);
			runOnlyForDeploymentPostprocessing = 0;
		};
/* End PBXFrameworksBuildPhase section */

/* Begin PBXGroup section */
		CA0BCBEF2E6B12EB002898C5 /* Fonts */ = {
			isa = PBXGroup;
			children = (
				CA0BCBF22E6B12F8002898C5 /* TTF */,
			);
			path = Fonts;
			sourceTree = "<group>";
		};
		CA0BCBF22E6B12F8002898C5 /* TTF */ = {
			isa = PBXGroup;
			children = (
				CA0BCBF02E6B12F8002898C5 /* Satoshi-Variable.ttf */,
				CA0BCBF12E6B12F8002898C5 /* Satoshi-VariableItalic.ttf */,
			);
			path = TTF;
			sourceTree = "<group>";
		};
		CA1DB16F2E5CE8E000FD07C8 = {
			isa = PBXGroup;
			children = (
				CA63CA102E5CE9330059489E /* InterfaceStore */,
				CA1DB1792E5CE8E000FD07C8 /* Products */,
			);
			sourceTree = "<group>";
		};
		CA1DB1792E5CE8E000FD07C8 /* Products */ = {
			isa = PBXGroup;
			children = (
				CA1DB1782E5CE8E000FD07C8 /* InterfaceStore.app */,
			);
			name = Products;
			sourceTree = "<group>";
		};
		CA3E06E62E671EC6004D5BC8 /* CustomNavigationBar */ = {
			isa = PBXGroup;
			children = (
				CA3E06ED2E673005004D5BC8 /* NavigationBarUtils.swift */,
				CA3E06E92E6720DC004D5BC8 /* CustomNavigationBarView.swift */,
				CA3E06EB2E6724F1004D5BC8 /* CustomNavigationBarContainerView.swift */,
				CA3E06E72E671ED6004D5BC8 /* CustomNavigationBarScreen.swift */,
			);
			path = CustomNavigationBar;
			sourceTree = "<group>";
		};
		CA4C25AB2E86FD5200E9D343 /* Views */ = {
			isa = PBXGroup;
			children = (
				CA9145A72E8DCAAD00EB8061 /* HealthcareDoctorCardView.swift */,
				CA4805EC2E89C19400A405EC /* HealthcareMessageButton.swift */,
				CA4805EA2E89BF5300A405EC /* HealthcareAppointmentCardView.swift */,
				CA1E6A2D2E882F5A00017F66 /* HealthcareSearchView.swift */,
				CA4C25AC2E86FD6300E9D343 /* HealthcareProfileView.swift */,
			);
			path = Views;
			sourceTree = "<group>";
		};
		CA63CA102E5CE9330059489E /* InterfaceStore */ = {
			isa = PBXGroup;
			children = (
				CA0BCBF72E6B13C6002898C5 /* Info.plist */,
				CA63CA142E5CECC10059489E /* Resources */,
				CA63CA152E5CED000059489E /* MainApp */,
				CA63CA162E5CED310059489E /* ContentStore */,
			);
			path = InterfaceStore;
			sourceTree = "<group>";
		};
		CA63CA142E5CECC10059489E /* Resources */ = {
			isa = PBXGroup;
			children = (
				CA0BCBEF2E6B12EB002898C5 /* Fonts */,
				CA63CA0D2E5CE9330059489E /* Assets.xcassets */,
			);
			path = Resources;
			sourceTree = "<group>";
		};
		CA63CA152E5CED000059489E /* MainApp */ = {
			isa = PBXGroup;
			children = (
				CA63CA0F2E5CE9330059489E /* InterfaceStoreApp.swift */,
			);
			path = MainApp;
			sourceTree = "<group>";
		};
		CA63CA162E5CED310059489E /* ContentStore */ = {
			isa = PBXGroup;
			children = (
				CA3E06E62E671EC6004D5BC8 /* CustomNavigationBar */,
				CA882CB72E61E01700CA5BEE /* CustomTabBar */,
				CA63CA172E5CF1810059489E /* HealthcareAppDesign */,
			);
			path = ContentStore;
			sourceTree = "<group>";
		};
		CA63CA172E5CF1810059489E /* HealthcareAppDesign */ = {
			isa = PBXGroup;
			children = (
				CABAFA6F2E784BFF0015EC58 /* DataEntity */,
				CACC17652E76DEF2006C2DC4 /* UIElements */,
				CA63CA1D2E60FB2C0059489E /* Drawing */,
				CA63CA1A2E5F94440059489E /* Tools */,
				CA63CA182E5CF71D0059489E /* HealthcareLoginView.swift */,
				CA3E06EF2E69E616004D5BC8 /* HealthcareMainView.swift */,
			);
			path = HealthcareAppDesign;
			sourceTree = "<group>";
		};
		CA63CA1A2E5F94440059489E /* Tools */ = {
			isa = PBXGroup;
			children = (
				CA0BCBF52E6B1318002898C5 /* HealthcareFontExt.swift */,
				CA3E06F12E69E68B004D5BC8 /* HealthcareColorExt.swift */,
				CA63CA1B2E5F944D0059489E /* HealthAppConstants.swift */,
			);
			path = Tools;
			sourceTree = "<group>";
		};
		CA63CA1D2E60FB2C0059489E /* Drawing */ = {
			isa = PBXGroup;
			children = (
				CA63CA1E2E60FB3B0059489E /* PillowShape.swift */,
			);
			path = Drawing;
			sourceTree = "<group>";
		};
		CA882CB72E61E01700CA5BEE /* CustomTabBar */ = {
			isa = PBXGroup;
			children = (
				CA882CB82E61E03A00CA5BEE /* CustomTabBar */,
				CA882CB92E61E05200CA5BEE /* CustomTabBarViewScreen.swift */,
			);
			path = CustomTabBar;
			sourceTree = "<group>";
		};
		CA882CB82E61E03A00CA5BEE /* CustomTabBar */ = {
			isa = PBXGroup;
			children = (
				CA0EDEB42E63316B006A4B05 /* TabBarUtils.swift */,
				CA0EDEB22E632C6F006A4B05 /* TabBarItem.swift */,
				CA882CBB2E61E0B600CA5BEE /* CustomTabBarView.swift */,
				CA882CBD2E61EAFA00CA5BEE /* CustomTabBarContainerView.swift */,
			);
			path = CustomTabBar;
			sourceTree = "<group>";
		};
		CABAFA6C2E7849230015EC58 /* ButtonStyle */ = {
			isa = PBXGroup;
			children = (
				CABAFA6D2E7849420015EC58 /* ButtonsStyle.swift */,
			);
			path = ButtonStyle;
			sourceTree = "<group>";
		};
		CABAFA6F2E784BFF0015EC58 /* DataEntity */ = {
			isa = PBXGroup;
			children = (
				CABAFA702E784C130015EC58 /* CategotyModel.swift */,
			);
			path = DataEntity;
			sourceTree = "<group>";
		};
		CACC17652E76DEF2006C2DC4 /* UIElements */ = {
			isa = PBXGroup;
			children = (
				CA4C25AB2E86FD5200E9D343 /* Views */,
				CABAFA6C2E7849230015EC58 /* ButtonStyle */,
			);
			path = UIElements;
			sourceTree = "<group>";
		};
/* End PBXGroup section */

/* Begin PBXNativeTarget section */
		CA1DB1772E5CE8E000FD07C8 /* InterfaceStore */ = {
			isa = PBXNativeTarget;
			buildConfigurationList = CA1DB1832E5CE8E100FD07C8 /* Build configuration list for PBXNativeTarget "InterfaceStore" */;
			buildPhases = (
				CA1DB1742E5CE8E000FD07C8 /* Sources */,
				CA1DB1752E5CE8E000FD07C8 /* Frameworks */,
				CA1DB1762E5CE8E000FD07C8 /* Resources */,
			);
			buildRules = (
			);
			dependencies = (
			);
			name = InterfaceStore;
			packageProductDependencies = (
			);
			productName = InterfaceStore;
			productReference = CA1DB1782E5CE8E000FD07C8 /* InterfaceStore.app */;
			productType = "com.apple.product-type.application";
		};
/* End PBXNativeTarget section */

/* Begin PBXProject section */
		CA1DB1702E5CE8E000FD07C8 /* Project object */ = {
			isa = PBXProject;
			attributes = {
				BuildIndependentTargetsInParallel = 1;
				LastSwiftUpdateCheck = 1640;
				LastUpgradeCheck = 1640;
				TargetAttributes = {
					CA1DB1772E5CE8E000FD07C8 = {
						CreatedOnToolsVersion = 16.4;
					};
				};
			};
			buildConfigurationList = CA1DB1732E5CE8E000FD07C8 /* Build configuration list for PBXProject "InterfaceStore" */;
			developmentRegion = en;
			hasScannedForEncodings = 0;
			knownRegions = (
				en,
				Base,
			);
			mainGroup = CA1DB16F2E5CE8E000FD07C8;
			minimizedProjectReferenceProxies = 1;
			preferredProjectObjectVersion = 77;
			productRefGroup = CA1DB1792E5CE8E000FD07C8 /* Products */;
			projectDirPath = "";
			projectRoot = "";
			targets = (
				CA1DB1772E5CE8E000FD07C8 /* InterfaceStore */,
			);
		};
/* End PBXProject section */

/* Begin PBXResourcesBuildPhase section */
		CA1DB1762E5CE8E000FD07C8 /* Resources */ = {
			isa = PBXResourcesBuildPhase;
			buildActionMask = 2147483647;
			files = (
				CA0BCBF32E6B12F8002898C5 /* Satoshi-Variable.ttf in Resources */,
				CA0BCBF42E6B12F8002898C5 /* Satoshi-VariableItalic.ttf in Resources */,
				CA63CA112E5CE9330059489E /* Assets.xcassets in Resources */,
			);
			runOnlyForDeploymentPostprocessing = 0;
		};
/* End PBXResourcesBuildPhase section */

/* Begin PBXSourcesBuildPhase section */
		CA1DB1742E5CE8E000FD07C8 /* Sources */ = {
			isa = PBXSourcesBuildPhase;
			buildActionMask = 2147483647;
			files = (
				CA3E06F02E69E623004D5BC8 /* HealthcareMainView.swift in Sources */,
				CA882CBC2E61E0BE00CA5BEE /* CustomTabBarView.swift in Sources */,
				CA9145A82E8DCAB700EB8061 /* HealthcareDoctorCardView.swift in Sources */,
				CA3E06EC2E6724FD004D5BC8 /* CustomNavigationBarContainerView.swift in Sources */,
				CA1E6A2E2E882F5E00017F66 /* HealthcareSearchView.swift in Sources */,
				CA3E06F22E69E691004D5BC8 /* HealthcareColorExt.swift in Sources */,
				CA882CBA2E61E06100CA5BEE /* CustomTabBarViewScreen.swift in Sources */,
				CA0EDEB52E633174006A4B05 /* TabBarUtils.swift in Sources */,
				CA0BCBF62E6B1321002898C5 /* HealthcareFontExt.swift in Sources */,
				CA3E06EE2E67300E004D5BC8 /* NavigationBarUtils.swift in Sources */,
				CA0EDEB32E632C74006A4B05 /* TabBarItem.swift in Sources */,
				CA3E06E82E671EDF004D5BC8 /* CustomNavigationBarScreen.swift in Sources */,
				CA63CA1F2E60FB410059489E /* PillowShape.swift in Sources */,
				CA63CA132E5CE9330059489E /* InterfaceStoreApp.swift in Sources */,
				CA63CA192E5CF71D0059489E /* HealthcareLoginView.swift in Sources */,
				CA63CA1C2E5F945A0059489E /* HealthAppConstants.swift in Sources */,
				CABAFA712E784C180015EC58 /* CategotyModel.swift in Sources */,
				CA4805ED2E89C1A200A405EC /* HealthcareMessageButton.swift in Sources */,
				CA4805EB2E89BF6800A405EC /* HealthcareAppointmentCardView.swift in Sources */,
				CABAFA6E2E7849950015EC58 /* ButtonsStyle.swift in Sources */,
				CA882CBE2E61EB0200CA5BEE /* CustomTabBarContainerView.swift in Sources */,
				CA3E06EA2E6720E4004D5BC8 /* CustomNavigationBarView.swift in Sources */,
				CA4C25AD2E86FD6E00E9D343 /* HealthcareProfileView.swift in Sources */,
			);
			runOnlyForDeploymentPostprocessing = 0;
		};
/* End PBXSourcesBuildPhase section */

/* Begin XCBuildConfiguration section */
		CA1DB1812E5CE8E100FD07C8 /* Debug */ = {
			isa = XCBuildConfiguration;
			buildSettings = {
				ALWAYS_SEARCH_USER_PATHS = NO;
				ASSETCATALOG_COMPILER_GENERATE_SWIFT_ASSET_SYMBOL_EXTENSIONS = YES;
				CLANG_ANALYZER_NONNULL = YES;
				CLANG_ANALYZER_NUMBER_OBJECT_CONVERSION = YES_AGGRESSIVE;
				CLANG_CXX_LANGUAGE_STANDARD = "gnu++20";
				CLANG_ENABLE_MODULES = YES;
				CLANG_ENABLE_OBJC_ARC = YES;
				CLANG_ENABLE_OBJC_WEAK = YES;
				CLANG_WARN_BLOCK_CAPTURE_AUTORELEASING = YES;
				CLANG_WARN_BOOL_CONVERSION = YES;
				CLANG_WARN_COMMA = YES;
				CLANG_WARN_CONSTANT_CONVERSION = YES;
				CLANG_WARN_DEPRECATED_OBJC_IMPLEMENTATIONS = YES;
				CLANG_WARN_DIRECT_OBJC_ISA_USAGE = YES_ERROR;
				CLANG_WARN_DOCUMENTATION_COMMENTS = YES;
				CLANG_WARN_EMPTY_BODY = YES;
				CLANG_WARN_ENUM_CONVERSION = YES;
				CLANG_WARN_INFINITE_RECURSION = YES;
				CLANG_WARN_INT_CONVERSION = YES;
				CLANG_WARN_NON_LITERAL_NULL_CONVERSION = YES;
				CLANG_WARN_OBJC_IMPLICIT_RETAIN_SELF = YES;
				CLANG_WARN_OBJC_LITERAL_CONVERSION = YES;
				CLANG_WARN_OBJC_ROOT_CLASS = YES_ERROR;
				CLANG_WARN_QUOTED_INCLUDE_IN_FRAMEWORK_HEADER = YES;
				CLANG_WARN_RANGE_LOOP_ANALYSIS = YES;
				CLANG_WARN_STRICT_PROTOTYPES = YES;
				CLANG_WARN_SUSPICIOUS_MOVE = YES;
				CLANG_WARN_UNGUARDED_AVAILABILITY = YES_AGGRESSIVE;
				CLANG_WARN_UNREACHABLE_CODE = YES;
				CLANG_WARN__DUPLICATE_METHOD_MATCH = YES;
				COPY_PHASE_STRIP = NO;
				DEBUG_INFORMATION_FORMAT = dwarf;
				ENABLE_STRICT_OBJC_MSGSEND = YES;
				ENABLE_TESTABILITY = YES;
				ENABLE_USER_SCRIPT_SANDBOXING = YES;
				GCC_C_LANGUAGE_STANDARD = gnu17;
				GCC_DYNAMIC_NO_PIC = NO;
				GCC_NO_COMMON_BLOCKS = YES;
				GCC_OPTIMIZATION_LEVEL = 0;
				GCC_PREPROCESSOR_DEFINITIONS = (
					"DEBUG=1",
					"$(inherited)",
				);
				GCC_WARN_64_TO_32_BIT_CONVERSION = YES;
				GCC_WARN_ABOUT_RETURN_TYPE = YES_ERROR;
				GCC_WARN_UNDECLARED_SELECTOR = YES;
				GCC_WARN_UNINITIALIZED_AUTOS = YES_AGGRESSIVE;
				GCC_WARN_UNUSED_FUNCTION = YES;
				GCC_WARN_UNUSED_VARIABLE = YES;
				IPHONEOS_DEPLOYMENT_TARGET = 18.5;
				LOCALIZATION_PREFERS_STRING_CATALOGS = YES;
				MTL_ENABLE_DEBUG_INFO = INCLUDE_SOURCE;
				MTL_FAST_MATH = YES;
				ONLY_ACTIVE_ARCH = YES;
				SDKROOT = iphoneos;
				SWIFT_ACTIVE_COMPILATION_CONDITIONS = "DEBUG $(inherited)";
				SWIFT_OPTIMIZATION_LEVEL = "-Onone";
			};
			name = Debug;
		};
		CA1DB1822E5CE8E100FD07C8 /* Release */ = {
			isa = XCBuildConfiguration;
			buildSettings = {
				ALWAYS_SEARCH_USER_PATHS = NO;
				ASSETCATALOG_COMPILER_GENERATE_SWIFT_ASSET_SYMBOL_EXTENSIONS = YES;
				CLANG_ANALYZER_NONNULL = YES;
				CLANG_ANALYZER_NUMBER_OBJECT_CONVERSION = YES_AGGRESSIVE;
				CLANG_CXX_LANGUAGE_STANDARD = "gnu++20";
				CLANG_ENABLE_MODULES = YES;
				CLANG_ENABLE_OBJC_ARC = YES;
				CLANG_ENABLE_OBJC_WEAK = YES;
				CLANG_WARN_BLOCK_CAPTURE_AUTORELEASING = YES;
				CLANG_WARN_BOOL_CONVERSION = YES;
				CLANG_WARN_COMMA = YES;
				CLANG_WARN_CONSTANT_CONVERSION = YES;
				CLANG_WARN_DEPRECATED_OBJC_IMPLEMENTATIONS = YES;
				CLANG_WARN_DIRECT_OBJC_ISA_USAGE = YES_ERROR;
				CLANG_WARN_DOCUMENTATION_COMMENTS = YES;
				CLANG_WARN_EMPTY_BODY = YES;
				CLANG_WARN_ENUM_CONVERSION = YES;
				CLANG_WARN_INFINITE_RECURSION = YES;
				CLANG_WARN_INT_CONVERSION = YES;
				CLANG_WARN_NON_LITERAL_NULL_CONVERSION = YES;
				CLANG_WARN_OBJC_IMPLICIT_RETAIN_SELF = YES;
				CLANG_WARN_OBJC_LITERAL_CONVERSION = YES;
				CLANG_WARN_OBJC_ROOT_CLASS = YES_ERROR;
				CLANG_WARN_QUOTED_INCLUDE_IN_FRAMEWORK_HEADER = YES;
				CLANG_WARN_RANGE_LOOP_ANALYSIS = YES;
				CLANG_WARN_STRICT_PROTOTYPES = YES;
				CLANG_WARN_SUSPICIOUS_MOVE = YES;
				CLANG_WARN_UNGUARDED_AVAILABILITY = YES_AGGRESSIVE;
				CLANG_WARN_UNREACHABLE_CODE = YES;
				CLANG_WARN__DUPLICATE_METHOD_MATCH = YES;
				COPY_PHASE_STRIP = NO;
				DEBUG_INFORMATION_FORMAT = "dwarf-with-dsym";
				ENABLE_NS_ASSERTIONS = NO;
				ENABLE_STRICT_OBJC_MSGSEND = YES;
				ENABLE_USER_SCRIPT_SANDBOXING = YES;
				GCC_C_LANGUAGE_STANDARD = gnu17;
				GCC_NO_COMMON_BLOCKS = YES;
				GCC_WARN_64_TO_32_BIT_CONVERSION = YES;
				GCC_WARN_ABOUT_RETURN_TYPE = YES_ERROR;
				GCC_WARN_UNDECLARED_SELECTOR = YES;
				GCC_WARN_UNINITIALIZED_AUTOS = YES_AGGRESSIVE;
				GCC_WARN_UNUSED_FUNCTION = YES;
				GCC_WARN_UNUSED_VARIABLE = YES;
				IPHONEOS_DEPLOYMENT_TARGET = 18.5;
				LOCALIZATION_PREFERS_STRING_CATALOGS = YES;
				MTL_ENABLE_DEBUG_INFO = NO;
				MTL_FAST_MATH = YES;
				SDKROOT = iphoneos;
				SWIFT_COMPILATION_MODE = wholemodule;
				VALIDATE_PRODUCT = YES;
			};
			name = Release;
		};
		CA1DB1842E5CE8E100FD07C8 /* Debug */ = {
			isa = XCBuildConfiguration;
			buildSettings = {
				ASSETCATALOG_COMPILER_APPICON_NAME = AppIcon;
				ASSETCATALOG_COMPILER_GLOBAL_ACCENT_COLOR_NAME = AccentColor;
				CODE_SIGN_STYLE = Automatic;
				CURRENT_PROJECT_VERSION = 1;
				ENABLE_PREVIEWS = YES;
				GENERATE_INFOPLIST_FILE = YES;
				INFOPLIST_FILE = InterfaceStore/Info.plist;
				INFOPLIST_KEY_UIApplicationSceneManifest_Generation = YES;
				INFOPLIST_KEY_UIApplicationSupportsIndirectInputEvents = YES;
				INFOPLIST_KEY_UILaunchScreen_Generation = YES;
				INFOPLIST_KEY_UISupportedInterfaceOrientations_iPad = "UIInterfaceOrientationPortrait UIInterfaceOrientationPortraitUpsideDown UIInterfaceOrientationLandscapeLeft UIInterfaceOrientationLandscapeRight";
				INFOPLIST_KEY_UISupportedInterfaceOrientations_iPhone = "UIInterfaceOrientationPortrait UIInterfaceOrientationLandscapeLeft UIInterfaceOrientationLandscapeRight";
				IPHONEOS_DEPLOYMENT_TARGET = 26.0;
				LD_RUNPATH_SEARCH_PATHS = (
					"$(inherited)",
					"@executable_path/Frameworks",
				);
				MARKETING_VERSION = 1.0;
				PRODUCT_BUNDLE_IDENTIFIER = com.huntdigit.InterfaceStore;
				PRODUCT_NAME = "$(TARGET_NAME)";
				SWIFT_EMIT_LOC_STRINGS = YES;
				SWIFT_VERSION = 6.0;
				TARGETED_DEVICE_FAMILY = "1,2";
			};
			name = Debug;
		};
		CA1DB1852E5CE8E100FD07C8 /* Release */ = {
			isa = XCBuildConfiguration;
			buildSettings = {
				ASSETCATALOG_COMPILER_APPICON_NAME = AppIcon;
				ASSETCATALOG_COMPILER_GLOBAL_ACCENT_COLOR_NAME = AccentColor;
				CODE_SIGN_STYLE = Automatic;
				CURRENT_PROJECT_VERSION = 1;
				ENABLE_PREVIEWS = YES;
				GENERATE_INFOPLIST_FILE = YES;
				INFOPLIST_FILE = InterfaceStore/Info.plist;
				INFOPLIST_KEY_UIApplicationSceneManifest_Generation = YES;
				INFOPLIST_KEY_UIApplicationSupportsIndirectInputEvents = YES;
				INFOPLIST_KEY_UILaunchScreen_Generation = YES;
				INFOPLIST_KEY_UISupportedInterfaceOrientations_iPad = "UIInterfaceOrientationPortrait UIInterfaceOrientationPortraitUpsideDown UIInterfaceOrientationLandscapeLeft UIInterfaceOrientationLandscapeRight";
				INFOPLIST_KEY_UISupportedInterfaceOrientations_iPhone = "UIInterfaceOrientationPortrait UIInterfaceOrientationLandscapeLeft UIInterfaceOrientationLandscapeRight";
				IPHONEOS_DEPLOYMENT_TARGET = 26.0;
				LD_RUNPATH_SEARCH_PATHS = (
					"$(inherited)",
					"@executable_path/Frameworks",
				);
				MARKETING_VERSION = 1.0;
				PRODUCT_BUNDLE_IDENTIFIER = com.huntdigit.InterfaceStore;
				PRODUCT_NAME = "$(TARGET_NAME)";
				SWIFT_EMIT_LOC_STRINGS = YES;
				SWIFT_VERSION = 6.0;
				TARGETED_DEVICE_FAMILY = "1,2";
			};
			name = Release;
		};
/* End XCBuildConfiguration section */

/* Begin XCConfigurationList section */
		CA1DB1732E5CE8E000FD07C8 /* Build configuration list for PBXProject "InterfaceStore" */ = {
			isa = XCConfigurationList;
			buildConfigurations = (
				CA1DB1812E5CE8E100FD07C8 /* Debug */,
				CA1DB1822E5CE8E100FD07C8 /* Release */,
			);
			defaultConfigurationIsVisible = 0;
			defaultConfigurationName = Release;
		};
		CA1DB1832E5CE8E100FD07C8 /* Build configuration list for PBXNativeTarget "InterfaceStore" */ = {
			isa = XCConfigurationList;
			buildConfigurations = (
				CA1DB1842E5CE8E100FD07C8 /* Debug */,
				CA1DB1852E5CE8E100FD07C8 /* Release */,
			);
			defaultConfigurationIsVisible = 0;
			defaultConfigurationName = Release;
		};
/* End XCConfigurationList section */
	};
	rootObject = CA1DB1702E5CE8E000FD07C8 /* Project object */;
}
